<?xml version="1.0" encoding="utf-8"?>
<Project ToolsVersion="4.0" xmlns="http://schemas.microsoft.com/developer/msbuild/2003">
  <ItemGroup>
    <Filter Include="Source Files">
      <UniqueIdentifier>{4FC737F1-C7A5-4376-A066-2A32D752A2FF}</UniqueIdentifier>
      <Extensions>cpp;c;cc;cxx;def;odl;idl;hpj;bat;asm;asmx</Extensions>
    </Filter>
    <Filter Include="Header Files">
      <UniqueIdentifier>{93995380-89BD-4b04-88EB-625FBE52EBFB}</UniqueIdentifier>
      <Extensions>h;hh;hpp;hxx;hm;inl;inc;xsd</Extensions>
    </Filter>
    <Filter Include="Resource Files">
      <UniqueIdentifier>{67DA6AB6-F800-4c08-8B7A-83BB121AAD01}</UniqueIdentifier>
      <Extensions>rc;ico;cur;bmp;dlg;rc2;rct;bin;rgs;gif;jpg;jpeg;jpe;resx;tiff;tif;png;wav;mfcribbon-ms</Extensions>
    </Filter>
    <Filter Include="Resource Files\Resources">
      <UniqueIdentifier>{34238060-f43a-4f4a-8010-330dc79961f2}</UniqueIdentifier>
    </Filter>
    <Filter Include="Resource Files\Resources\Shaders">
      <UniqueIdentifier>{8d86398f-b3bb-41f1-9cb1-c839f164160e}</UniqueIdentifier>
    </Filter>
    <Filter Include="Resource Files\Resources\Textures">
      <UniqueIdentifier>{be95f195-1b59-4ad9-b932-3622b5a5005b}</UniqueIdentifier>
    </Filter>
    <Filter Include="Scenes">
      <UniqueIdentifier>{d8b353d9-e617-479c-90c5-6288398a8847}</UniqueIdentifier>
    </Filter>
    <Filter Include="Objects">
      <UniqueIdentifier>{815f245c-c1de-465f-8018-465fd90a08bf}</UniqueIdentifier>
    </Filter>
  </ItemGroup>
  <ItemGroup>
    <Text Include="ReadMe.txt" />
  </ItemGroup>
  <ItemGroup>
    <ClInclude Include="stdafx.h">
      <Filter>Header Files</Filter>
    </ClInclude>
    <ClInclude Include="targetver.h">
      <Filter>Header Files</Filter>
    </ClInclude>
    <ClInclude Include="engine.h">
      <Filter>Header Files</Filter>
    </ClInclude>
    <ClInclude Include="input.h">
      <Filter>Header Files</Filter>
    </ClInclude>
    <ClInclude Include="renderer.h">
      <Filter>Header Files</Filter>
    </ClInclude>
    <ClInclude Include="system.h">
      <Filter>Header Files</Filter>
    </ClInclude>
    <ClInclude Include="timer.h">
      <Filter>Header Files</Filter>
    </ClInclude>
    <ClInclude Include="..\..\Middleware\glad\include\glad\glad.h">
      <Filter>Header Files</Filter>
    </ClInclude>
    <ClInclude Include="scene.h">
      <Filter>Header Files</Filter>
    </ClInclude>
    <ClInclude Include="scene01.h">
      <Filter>Scenes</Filter>
    </ClInclude>
    <ClInclude Include="scene02.h">
      <Filter>Scenes</Filter>
    </ClInclude>
    <ClInclude Include="scene03.h">
      <Filter>Scenes</Filter>
    </ClInclude>
    <ClInclude Include="scene04.h">
      <Filter>Scenes</Filter>
    </ClInclude>
    <ClInclude Include="shader.h">
      <Filter>Header Files</Filter>
    </ClInclude>
    <ClInclude Include="image.h">
      <Filter>Header Files</Filter>
    </ClInclude>
    <ClInclude Include="transform.h">
      <Filter>Header Files</Filter>
    </ClInclude>
    <ClInclude Include="..\..\Middleware\stb_image\stb_image.h">
      <Filter>Header Files</Filter>
    </ClInclude>
    <ClInclude Include="material.h">
      <Filter>Header Files</Filter>
    </ClInclude>
    <ClInclude Include="object.h">
      <Filter>Header Files</Filter>
    </ClInclude>
    <ClInclude Include="camera.h">
      <Filter>Objects</Filter>
    </ClInclude>
    <ClInclude Include="light.h">
      <Filter>Objects</Filter>
    </ClInclude>
    <ClInclude Include="renderable.h">
      <Filter>Objects</Filter>
    </ClInclude>
    <ClInclude Include="scene05.h">
      <Filter>Scenes</Filter>
    </ClInclude>
    <ClInclude Include="myMeshLoader.h">
      <Filter>Header Files</Filter>
    </ClInclude>
    <ClInclude Include="mesh.h">
      <Filter>Header Files</Filter>
    </ClInclude>
    <ClInclude Include="model.h">
      <Filter>Objects</Filter>
    </ClInclude>
    <ClInclude Include="scene06.h">
      <Filter>Scenes</Filter>
    </ClInclude>
  </ItemGroup>
  <ItemGroup>
    <ClCompile Include="stdafx.cpp">
      <Filter>Source Files</Filter>
    </ClCompile>
    <ClCompile Include="Main.cpp">
      <Filter>Source Files</Filter>
    </ClCompile>
    <ClCompile Include="engine.cpp">
      <Filter>Source Files</Filter>
    </ClCompile>
    <ClCompile Include="input.cpp">
      <Filter>Source Files</Filter>
    </ClCompile>
    <ClCompile Include="renderer.cpp">
      <Filter>Source Files</Filter>
    </ClCompile>
    <ClCompile Include="timer.cpp">
      <Filter>Source Files</Filter>
    </ClCompile>
    <ClCompile Include="..\..\Middleware\glad\src\glad.c">
      <Filter>Source Files</Filter>
    </ClCompile>
    <ClCompile Include="scene.cpp">
      <Filter>Source Files</Filter>
    </ClCompile>
    <ClCompile Include="scene02.cpp">
      <Filter>Scenes</Filter>
    </ClCompile>
    <ClCompile Include="scene01.cpp">
      <Filter>Scenes</Filter>
    </ClCompile>
    <ClCompile Include="scene03.cpp">
      <Filter>Scenes</Filter>
    </ClCompile>
    <ClCompile Include="scene04.cpp">
      <Filter>Scenes</Filter>
    </ClCompile>
    <ClCompile Include="shader.cpp">
      <Filter>Source Files</Filter>
    </ClCompile>
    <ClCompile Include="image.cpp">
      <Filter>Source Files</Filter>
    </ClCompile>
    <ClCompile Include="transform.cpp">
      <Filter>Source Files</Filter>
    </ClCompile>
    <ClCompile Include="material.cpp">
      <Filter>Source Files</Filter>
    </ClCompile>
    <ClCompile Include="object.cpp">
      <Filter>Source Files</Filter>
    </ClCompile>
    <ClCompile Include="camera.cpp">
      <Filter>Objects</Filter>
    </ClCompile>
    <ClCompile Include="light.cpp">
      <Filter>Objects</Filter>
    </ClCompile>
    <ClCompile Include="renderable.cpp">
      <Filter>Objects</Filter>
    </ClCompile>
    <ClCompile Include="scene05.cpp">
      <Filter>Scenes</Filter>
    </ClCompile>
    <ClCompile Include="myMeshLoader.cpp">
      <Filter>Source Files</Filter>
    </ClCompile>
    <ClCompile Include="mesh.cpp">
      <Filter>Source Files</Filter>
    </ClCompile>
    <ClCompile Include="model.cpp">
      <Filter>Objects</Filter>
    </ClCompile>
    <ClCompile Include="scene06.cpp">
      <Filter>Scenes</Filter>
    </ClCompile>
  </ItemGroup>
  <ItemGroup>
    <None Include="..\Resources\Shaders\basic.fs">
      <Filter>Resource Files\Resources\Shaders</Filter>
    </None>
    <None Include="..\Resources\Shaders\basic.vs">
      <Filter>Resource Files\Resources\Shaders</Filter>
    </None>
    <None Include="..\Resources\Shaders\transform.vs">
      <Filter>Resource Files\Resources\Shaders</Filter>
    </None>
    <None Include="..\Resources\Shaders\vertexlight.vs">
      <Filter>Resource Files\Resources\Shaders</Filter>
    </None>
    <None Include="..\Resources\Shaders\phong.fs">
      <Filter>Resource Files\Resources\Shaders</Filter>
    </None>
    <None Include="..\Resources\Shaders\phong.vs">
      <Filter>Resource Files\Resources\Shaders</Filter>
    </None>
    <None Include="..\Resources\Shaders\texturedphong.fs">
      <Filter>Resource Files\Resources\Shaders</Filter>
    </None>
    <None Include="..\Resources\Shaders\texturedphong.vs">
      <Filter>Resource Files\Resources\Shaders</Filter>
    </None>
    <None Include="..\Resources\Shaders\multi_texturedphong.fs">
      <Filter>Resource Files\Resources\Shaders</Filter>
    </None>
    <None Include="..\Resources\Shaders\multi_texturedphong.vs">
      <Filter>Resource Files\Resources\Shaders</Filter>
    </None>
    <None Include="..\Resources\Shaders\texturedphong_specular.fs">
      <Filter>Resource Files\Resources\Shaders</Filter>
    </None>
    <None Include="..\Resources\Shaders\texturedphong_specular.vs">
      <Filter>Resource Files\Resources\Shaders</Filter>
    </None>
  </ItemGroup>
</Project>